
Microsoft Visual Studio Solution File, Format Version 12.00
# Visual Studio Version 17
VisualStudioVersion = 17.11.35312.102
MinimumVisualStudioVersion = 10.0.40219.1
Project("{FAE04EC0-301F-11D3-BF4B-00C04F79EFBC}") = "football-project", "football-project.csproj", "{EC4C2C1E-57ED-432A-B367-3341A95A7F6E}"
EndProject
Global
	GlobalSection(SolutionConfigurationPlatforms) = preSolution
		Debug|Any CPU = Debug|Any CPU
		Release|Any CPU = Release|Any CPU
	EndGlobalSection
	GlobalSection(ProjectConfigurationPlatforms) = postSolution
		{EC4C2C1E-57ED-432A-B367-3341A95A7F6E}.Debug|Any CPU.ActiveCfg = Debug|Any CPU
		{EC4C2C1E-57ED-432A-B367-3341A95A7F6E}.Debug|Any CPU.Build.0 = Debug|Any CPU
		{EC4C2C1E-57ED-432A-B367-3341A95A7F6E}.Release|Any CPU.ActiveCfg = Release|Any CPU
		{EC4C2C1E-57ED-432A-B367-3341A95A7F6E}.Release|Any CPU.Build.0 = Release|Any CPU
	EndGlobalSection
	GlobalSection(SolutionProperties) = preSolution
		HideSolutionNode = FALSE
	EndGlobalSection
	GlobalSection(ExtensibilityGlobals) = postSolution
		SolutionGuid = {F5DFCBEA-28B6-4740-9670-BA046F972524}
	EndGlobalSection
EndGlobal
